
Microsoft Visual Studio Solution File, Format Version 12.00
# Visual Studio Version 17
VisualStudioVersion = 17.13.35919.96 d17.13
MinimumVisualStudioVersion = 10.0.40219.1
Project("{FAE04EC0-301F-11D3-BF4B-00C04F79EFBC}") = "video-task2", "video-task2.csproj", "{05BB6A86-0171-4A2D-9D57-5826C24A9238}"
EndProject
Global
	GlobalSection(SolutionConfigurationPlatforms) = preSolution
		Debug|Any CPU = Debug|Any CPU
		Release|Any CPU = Release|Any CPU
	EndGlobalSection
	GlobalSection(ProjectConfigurationPlatforms) = postSolution
		{05BB6A86-0171-4A2D-9D57-5826C24A9238}.Debug|Any CPU.ActiveCfg = Debug|Any CPU
		{05BB6A86-0171-4A2D-9D57-5826C24A9238}.Debug|Any CPU.Build.0 = Debug|Any CPU
		{05BB6A86-0171-4A2D-9D57-5826C24A9238}.Release|Any CPU.ActiveCfg = Release|Any CPU
		{05BB6A86-0171-4A2D-9D57-5826C24A9238}.Release|Any CPU.Build.0 = Release|Any CPU
	EndGlobalSection
	GlobalSection(SolutionProperties) = preSolution
		HideSolutionNode = FALSE
	EndGlobalSection
	GlobalSection(ExtensibilityGlobals) = postSolution
		SolutionGuid = {6C3CEC0D-B08F-496E-A093-2E8D18B3E797}
	EndGlobalSection
EndGlobal
